
Microsoft Visual Studio Solution File, Format Version 12.00
#
Project("{2150E333-8FDC-42A3-9474-1A3956D46DE8}") = "src", "src", "{D0A0103E-C4C1-4D53-90E9-97DE7A0B92AC}"
EndProject
Project("{2150E333-8FDC-42A3-9474-1A3956D46DE8}") = "Core", "Core", "{04D3BBB5-35D9-445A-9A9F-12B585C345F9}"
EndProject
Project("{2150E333-8FDC-42A3-9474-1A3956D46DE8}") = "Adapters", "Adapters", "{9B7AA884-6C0D-4315-BB1B-B841E564C3EC}"
EndProject
Project("{FAE04EC0-301F-11D3-BF4B-00C04F79EFBC}") = "Elijah.Domain", "src\Core\Elijah.Domain\Elijah.Domain.csproj", "{107A63EC-8475-4530-832D-2671C62FF7D7}"
EndProject
Project("{FAE04EC0-301F-11D3-BF4B-00C04F79EFBC}") = "Elijah.Application", "src\Core\Elijah.Application\Elijah.Application.csproj", "{97725C4D-A248-42D5-827D-FDB145638B16}"
EndProject
Project("{FAE04EC0-301F-11D3-BF4B-00C04F79EFBC}") = "Elijah.Infrastructure", "src\Adapters\Elijah.Infrastructure\Elijah.Infrastructure.csproj", "{3F25E706-8171-4F8A-9F6D-000881DD0EBA}"
EndProject
Project("{FAE04EC0-301F-11D3-BF4B-00C04F79EFBC}") = "Elijah.Api", "src\Adapters\Elijah.Api\Elijah.Api.csproj", "{3CBFEC3B-0E63-4A2D-B639-92CECDD852B3}"
EndProject
Project("{2150E333-8FDC-42A3-9474-1A3956D46DE8}") = "CrossCutting", "CrossCutting", "{852A86C9-2965-4DFF-B2ED-58E745778036}"
EndProject
Project("{FAE04EC0-301F-11D3-BF4B-00C04F79EFBC}") = "Elijah.CrossCutting", "src\CrossCutting\Elijah.CrossCutting\Elijah.CrossCutting.csproj", "{918C3BB7-D2FA-4062-A0E7-951D59BE912B}"
EndProject
Project("{2150E333-8FDC-42A3-9474-1A3956D46DE8}") = "tests", "tests", "{96902612-5728-46E5-BE29-DB2004900B6B}"
EndProject
Project("{2150E333-8FDC-42A3-9474-1A3956D46DE8}") = "Adapters", "Adapters", "{C96C65DC-0084-44B5-B535-E52E9A1C287B}"
EndProject
Project("{2150E333-8FDC-42A3-9474-1A3956D46DE8}") = "Core", "Core", "{A7BF1529-5266-4E7A-B725-C9849B31B624}"
EndProject
Project("{2150E333-8FDC-42A3-9474-1A3956D46DE8}") = "CrossCutting", "CrossCutting", "{F4F894CC-5A4E-48DB-872E-9BD9318B8672}"
EndProject
Project("{FAE04EC0-301F-11D3-BF4B-00C04F79EFBC}") = "Enoch.Core", "tests\Core\Enoch.Core\Enoch.Core.csproj", "{5DE3CA9A-958D-41F6-8C5B-4706586E6EB2}"
EndProject
Project("{FAE04EC0-301F-11D3-BF4B-00C04F79EFBC}") = "Enoch.Adapters", "tests\Adapters\Enoch.Adapters\Enoch.Adapters.csproj", "{2E103C24-019C-4C9E-95BF-C51336C65725}"
EndProject
Project("{FAE04EC0-301F-11D3-BF4B-00C04F79EFBC}") = "Enoch.CrossCutting", "tests\CrossCutting\Enoch.CrossCutting\Enoch.CrossCutting.csproj", "{C2C788BA-B86D-4D4C-ACFE-18EA81856595}"
EndProject
Global
	GlobalSection(SolutionConfigurationPlatforms) = preSolution
		Debug|Any CPU = Debug|Any CPU
		Release|Any CPU = Release|Any CPU
	EndGlobalSection
	GlobalSection(NestedProjects) = preSolution
		{04D3BBB5-35D9-445A-9A9F-12B585C345F9} = {D0A0103E-C4C1-4D53-90E9-97DE7A0B92AC}
		{9B7AA884-6C0D-4315-BB1B-B841E564C3EC} = {D0A0103E-C4C1-4D53-90E9-97DE7A0B92AC}
		{107A63EC-8475-4530-832D-2671C62FF7D7} = {04D3BBB5-35D9-445A-9A9F-12B585C345F9}
		{97725C4D-A248-42D5-827D-FDB145638B16} = {04D3BBB5-35D9-445A-9A9F-12B585C345F9}
		{3F25E706-8171-4F8A-9F6D-000881DD0EBA} = {9B7AA884-6C0D-4315-BB1B-B841E564C3EC}
		{3CBFEC3B-0E63-4A2D-B639-92CECDD852B3} = {9B7AA884-6C0D-4315-BB1B-B841E564C3EC}
		{852A86C9-2965-4DFF-B2ED-58E745778036} = {D0A0103E-C4C1-4D53-90E9-97DE7A0B92AC}
		{918C3BB7-D2FA-4062-A0E7-951D59BE912B} = {852A86C9-2965-4DFF-B2ED-58E745778036}
		{C96C65DC-0084-44B5-B535-E52E9A1C287B} = {96902612-5728-46E5-BE29-DB2004900B6B}
		{A7BF1529-5266-4E7A-B725-C9849B31B624} = {96902612-5728-46E5-BE29-DB2004900B6B}
		{F4F894CC-5A4E-48DB-872E-9BD9318B8672} = {96902612-5728-46E5-BE29-DB2004900B6B}
		{5DE3CA9A-958D-41F6-8C5B-4706586E6EB2} = {A7BF1529-5266-4E7A-B725-C9849B31B624}
		{2E103C24-019C-4C9E-95BF-C51336C65725} = {C96C65DC-0084-44B5-B535-E52E9A1C287B}
		{C2C788BA-B86D-4D4C-ACFE-18EA81856595} = {F4F894CC-5A4E-48DB-872E-9BD9318B8672}
	EndGlobalSection
	GlobalSection(ProjectConfigurationPlatforms) = postSolution
		{107A63EC-8475-4530-832D-2671C62FF7D7}.Debug|Any CPU.ActiveCfg = Debug|Any CPU
		{107A63EC-8475-4530-832D-2671C62FF7D7}.Debug|Any CPU.Build.0 = Debug|Any CPU
		{107A63EC-8475-4530-832D-2671C62FF7D7}.Release|Any CPU.ActiveCfg = Release|Any CPU
		{107A63EC-8475-4530-832D-2671C62FF7D7}.Release|Any CPU.Build.0 = Release|Any CPU
		{97725C4D-A248-42D5-827D-FDB145638B16}.Debug|Any CPU.ActiveCfg = Debug|Any CPU
		{97725C4D-A248-42D5-827D-FDB145638B16}.Debug|Any CPU.Build.0 = Debug|Any CPU
		{97725C4D-A248-42D5-827D-FDB145638B16}.Release|Any CPU.ActiveCfg = Release|Any CPU
		{97725C4D-A248-42D5-827D-FDB145638B16}.Release|Any CPU.Build.0 = Release|Any CPU
		{3F25E706-8171-4F8A-9F6D-000881DD0EBA}.Debug|Any CPU.ActiveCfg = Debug|Any CPU
		{3F25E706-8171-4F8A-9F6D-000881DD0EBA}.Debug|Any CPU.Build.0 = Debug|Any CPU
		{3F25E706-8171-4F8A-9F6D-000881DD0EBA}.Release|Any CPU.ActiveCfg = Release|Any CPU
		{3F25E706-8171-4F8A-9F6D-000881DD0EBA}.Release|Any CPU.Build.0 = Release|Any CPU
		{3CBFEC3B-0E63-4A2D-B639-92CECDD852B3}.Debug|Any CPU.ActiveCfg = Debug|Any CPU
		{3CBFEC3B-0E63-4A2D-B639-92CECDD852B3}.Debug|Any CPU.Build.0 = Debug|Any CPU
		{3CBFEC3B-0E63-4A2D-B639-92CECDD852B3}.Release|Any CPU.ActiveCfg = Release|Any CPU
		{3CBFEC3B-0E63-4A2D-B639-92CECDD852B3}.Release|Any CPU.Build.0 = Release|Any CPU
		{918C3BB7-D2FA-4062-A0E7-951D59BE912B}.Debug|Any CPU.ActiveCfg = Debug|Any CPU
		{918C3BB7-D2FA-4062-A0E7-951D59BE912B}.Debug|Any CPU.Build.0 = Debug|Any CPU
		{918C3BB7-D2FA-4062-A0E7-951D59BE912B}.Release|Any CPU.ActiveCfg = Release|Any CPU
		{918C3BB7-D2FA-4062-A0E7-951D59BE912B}.Release|Any CPU.Build.0 = Release|Any CPU
		{5DE3CA9A-958D-41F6-8C5B-4706586E6EB2}.Debug|Any CPU.ActiveCfg = Debug|Any CPU
		{5DE3CA9A-958D-41F6-8C5B-4706586E6EB2}.Debug|Any CPU.Build.0 = Debug|Any CPU
		{5DE3CA9A-958D-41F6-8C5B-4706586E6EB2}.Release|Any CPU.ActiveCfg = Release|Any CPU
		{5DE3CA9A-958D-41F6-8C5B-4706586E6EB2}.Release|Any CPU.Build.0 = Release|Any CPU
		{2E103C24-019C-4C9E-95BF-C51336C65725}.Debug|Any CPU.ActiveCfg = Debug|Any CPU
		{2E103C24-019C-4C9E-95BF-C51336C65725}.Debug|Any CPU.Build.0 = Debug|Any CPU
		{2E103C24-019C-4C9E-95BF-C51336C65725}.Release|Any CPU.ActiveCfg = Release|Any CPU
		{2E103C24-019C-4C9E-95BF-C51336C65725}.Release|Any CPU.Build.0 = Release|Any CPU
		{C2C788BA-B86D-4D4C-ACFE-18EA81856595}.Debug|Any CPU.ActiveCfg = Debug|Any CPU
		{C2C788BA-B86D-4D4C-ACFE-18EA81856595}.Debug|Any CPU.Build.0 = Debug|Any CPU
		{C2C788BA-B86D-4D4C-ACFE-18EA81856595}.Release|Any CPU.ActiveCfg = Release|Any CPU
		{C2C788BA-B86D-4D4C-ACFE-18EA81856595}.Release|Any CPU.Build.0 = Release|Any CPU
	EndGlobalSection
EndGlobal
