
Microsoft Visual Studio Solution File, Format Version 12.00
Project("{2150E333-8FDC-42A3-9474-1A3956D46DE8}") = "src", "src", "{D0A0103E-C4C1-4D53-90E9-97DE7A0B92AC}"
EndProject
Project("{2150E333-8FDC-42A3-9474-1A3956D46DE8}") = "Core", "Core", "{04D3BBB5-35D9-445A-9A9F-12B585C345F9}"
EndProject
Project("{2150E333-8FDC-42A3-9474-1A3956D46DE8}") = "Adapters", "Adapters", "{9B7AA884-6C0D-4315-BB1B-B841E564C3EC}"
EndProject
Project("{FAE04EC0-301F-11D3-BF4B-00C04F79EFBC}") = "Elijah.Domain", "src\Core\Elijah.Domain\Elijah.Domain.csproj", "{107A63EC-8475-4530-832D-2671C62FF7D7}"
EndProject
Project("{FAE04EC0-301F-11D3-BF4B-00C04F79EFBC}") = "Elijah.Application", "src\Core\Elijah.Application\Elijah.Application.csproj", "{97725C4D-A248-42D5-827D-FDB145638B16}"
EndProject
Project("{FAE04EC0-301F-11D3-BF4B-00C04F79EFBC}") = "Elijah.Infrastructure", "src\Adapters\Elijah.Infrastructure\Elijah.Infrastructure.csproj", "{3F25E706-8171-4F8A-9F6D-000881DD0EBA}"
EndProject
Project("{FAE04EC0-301F-11D3-BF4B-00C04F79EFBC}") = "Elijah.Api", "src\Adapters\Elijah.Api\Elijah.Api.csproj", "{3CBFEC3B-0E63-4A2D-B639-92CECDD852B3}"
EndProject
Project("{2150E333-8FDC-42A3-9474-1A3956D46DE8}") = "CrossCutting", "CrossCutting", "{3FD6645F-4662-43E6-88BE-F774F143171F}"
EndProject
Project("{FAE04EC0-301F-11D3-BF4B-00C04F79EFBC}") = "Elijah.CrossCutting", "src\CrossCutting\Elijah.CrossCutting\Elijah.CrossCutting.csproj", "{E162331C-9DA9-499D-8650-77ACDDEA8960}"
EndProject
Project("{2150E333-8FDC-42A3-9474-1A3956D46DE8}") = "tests", "tests", "{73384A28-AAEF-44A9-9730-1167CE3A8B25}"
EndProject
Project("{2150E333-8FDC-42A3-9474-1A3956D46DE8}") = "Adapters", "Adapters", "{E0AE03FD-9DCE-4BA1-90E3-8A0403005315}"
EndProject
Project("{2150E333-8FDC-42A3-9474-1A3956D46DE8}") = "Core", "Core", "{DB88173B-B93A-4A50-9733-F40BAE6493C3}"
EndProject
Project("{2150E333-8FDC-42A3-9474-1A3956D46DE8}") = "CrossCutting", "CrossCutting", "{4C6A16D1-79D8-435A-AB4A-A8D2EBB3093F}"
EndProject
Global
	GlobalSection(SolutionConfigurationPlatforms) = preSolution
		Debug|Any CPU = Debug|Any CPU
		Release|Any CPU = Release|Any CPU
	EndGlobalSection
	GlobalSection(NestedProjects) = preSolution
		{04D3BBB5-35D9-445A-9A9F-12B585C345F9} = {D0A0103E-C4C1-4D53-90E9-97DE7A0B92AC}
		{9B7AA884-6C0D-4315-BB1B-B841E564C3EC} = {D0A0103E-C4C1-4D53-90E9-97DE7A0B92AC}
		{107A63EC-8475-4530-832D-2671C62FF7D7} = {04D3BBB5-35D9-445A-9A9F-12B585C345F9}
		{97725C4D-A248-42D5-827D-FDB145638B16} = {04D3BBB5-35D9-445A-9A9F-12B585C345F9}
		{3F25E706-8171-4F8A-9F6D-000881DD0EBA} = {9B7AA884-6C0D-4315-BB1B-B841E564C3EC}
		{3CBFEC3B-0E63-4A2D-B639-92CECDD852B3} = {9B7AA884-6C0D-4315-BB1B-B841E564C3EC}
		{3FD6645F-4662-43E6-88BE-F774F143171F} = {D0A0103E-C4C1-4D53-90E9-97DE7A0B92AC}
		{E162331C-9DA9-499D-8650-77ACDDEA8960} = {3FD6645F-4662-43E6-88BE-F774F143171F}
		{E0AE03FD-9DCE-4BA1-90E3-8A0403005315} = {73384A28-AAEF-44A9-9730-1167CE3A8B25}
		{DB88173B-B93A-4A50-9733-F40BAE6493C3} = {73384A28-AAEF-44A9-9730-1167CE3A8B25}
		{4C6A16D1-79D8-435A-AB4A-A8D2EBB3093F} = {73384A28-AAEF-44A9-9730-1167CE3A8B25}
	EndGlobalSection
	GlobalSection(ProjectConfigurationPlatforms) = postSolution
		{107A63EC-8475-4530-832D-2671C62FF7D7}.Debug|Any CPU.ActiveCfg = Debug|Any CPU
		{107A63EC-8475-4530-832D-2671C62FF7D7}.Debug|Any CPU.Build.0 = Debug|Any CPU
		{107A63EC-8475-4530-832D-2671C62FF7D7}.Release|Any CPU.ActiveCfg = Release|Any CPU
		{107A63EC-8475-4530-832D-2671C62FF7D7}.Release|Any CPU.Build.0 = Release|Any CPU
		{97725C4D-A248-42D5-827D-FDB145638B16}.Debug|Any CPU.ActiveCfg = Debug|Any CPU
		{97725C4D-A248-42D5-827D-FDB145638B16}.Debug|Any CPU.Build.0 = Debug|Any CPU
		{97725C4D-A248-42D5-827D-FDB145638B16}.Release|Any CPU.ActiveCfg = Release|Any CPU
		{97725C4D-A248-42D5-827D-FDB145638B16}.Release|Any CPU.Build.0 = Release|Any CPU
		{3F25E706-8171-4F8A-9F6D-000881DD0EBA}.Debug|Any CPU.ActiveCfg = Debug|Any CPU
		{3F25E706-8171-4F8A-9F6D-000881DD0EBA}.Debug|Any CPU.Build.0 = Debug|Any CPU
		{3F25E706-8171-4F8A-9F6D-000881DD0EBA}.Release|Any CPU.ActiveCfg = Release|Any CPU
		{3F25E706-8171-4F8A-9F6D-000881DD0EBA}.Release|Any CPU.Build.0 = Release|Any CPU
		{3CBFEC3B-0E63-4A2D-B639-92CECDD852B3}.Debug|Any CPU.ActiveCfg = Debug|Any CPU
		{3CBFEC3B-0E63-4A2D-B639-92CECDD852B3}.Debug|Any CPU.Build.0 = Debug|Any CPU
		{3CBFEC3B-0E63-4A2D-B639-92CECDD852B3}.Release|Any CPU.ActiveCfg = Release|Any CPU
		{3CBFEC3B-0E63-4A2D-B639-92CECDD852B3}.Release|Any CPU.Build.0 = Release|Any CPU
		{E162331C-9DA9-499D-8650-77ACDDEA8960}.Debug|Any CPU.ActiveCfg = Debug|Any CPU
		{E162331C-9DA9-499D-8650-77ACDDEA8960}.Debug|Any CPU.Build.0 = Debug|Any CPU
		{E162331C-9DA9-499D-8650-77ACDDEA8960}.Release|Any CPU.ActiveCfg = Release|Any CPU
		{E162331C-9DA9-499D-8650-77ACDDEA8960}.Release|Any CPU.Build.0 = Release|Any CPU
	EndGlobalSection
EndGlobal
